
Microsoft Visual Studio Solution File, Format Version 12.00
# Visual Studio Version 16
VisualStudioVersion = 16.0.29201.188
MinimumVisualStudioVersion = 10.0.40219.1
Project("{9A19103F-16F7-4668-BE54-9A1E7A4F7556}") = "WebApplication1", "WebApplication1\WebApplication1.csproj", "{0C833936-D302-42AA-90AE-FEA693CB0BAC}"
EndProject
Project("{9A19103F-16F7-4668-BE54-9A1E7A4F7556}") = "MyWebApi", "MyWebApi\MyWebApi.csproj", "{4C756FA9-76DC-4796-8527-A6C67009AF8D}"
EndProject
Global
	GlobalSection(SolutionConfigurationPlatforms) = preSolution
		Debug|Any CPU = Debug|Any CPU
		Release|Any CPU = Release|Any CPU
	EndGlobalSection
	GlobalSection(ProjectConfigurationPlatforms) = postSolution
		{0C833936-D302-42AA-90AE-FEA693CB0BAC}.Debug|Any CPU.ActiveCfg = Debug|Any CPU
		{0C833936-D302-42AA-90AE-FEA693CB0BAC}.Debug|Any CPU.Build.0 = Debug|Any CPU
		{0C833936-D302-42AA-90AE-FEA693CB0BAC}.Release|Any CPU.ActiveCfg = Release|Any CPU
		{0C833936-D302-42AA-90AE-FEA693CB0BAC}.Release|Any CPU.Build.0 = Release|Any CPU
		{4C756FA9-76DC-4796-8527-A6C67009AF8D}.Debug|Any CPU.ActiveCfg = Debug|Any CPU
		{4C756FA9-76DC-4796-8527-A6C67009AF8D}.Debug|Any CPU.Build.0 = Debug|Any CPU
		{4C756FA9-76DC-4796-8527-A6C67009AF8D}.Release|Any CPU.ActiveCfg = Release|Any CPU
		{4C756FA9-76DC-4796-8527-A6C67009AF8D}.Release|Any CPU.Build.0 = Release|Any CPU
	EndGlobalSection
	GlobalSection(SolutionProperties) = preSolution
		HideSolutionNode = FALSE
	EndGlobalSection
	GlobalSection(ExtensibilityGlobals) = postSolution
		SolutionGuid = {8ADDC9C4-6E1A-498C-B56E-167C374FB179}
	EndGlobalSection
EndGlobal
